
Microsoft Visual Studio Solution File, Format Version 12.00
# Visual Studio Version 17
VisualStudioVersion = 17.14.37027.9 d17.14
MinimumVisualStudioVersion = 10.0.40219.1
Project("{FAE04EC0-301F-11D3-BF4B-00C04F79EFBC}") = "PetApp", "PetApp\PetApp.csproj", "{B4E7F606-9277-482A-8B66-B6F877AF4DCB}"
EndProject
Global
	GlobalSection(SolutionConfigurationPlatforms) = preSolution
		Debug|Any CPU = Debug|Any CPU
		Release|Any CPU = Release|Any CPU
	EndGlobalSection
	GlobalSection(ProjectConfigurationPlatforms) = postSolution
		{B4E7F606-9277-482A-8B66-B6F877AF4DCB}.Debug|Any CPU.ActiveCfg = Debug|Any CPU
		{B4E7F606-9277-482A-8B66-B6F877AF4DCB}.Debug|Any CPU.Build.0 = Debug|Any CPU
		{B4E7F606-9277-482A-8B66-B6F877AF4DCB}.Release|Any CPU.ActiveCfg = Release|Any CPU
		{B4E7F606-9277-482A-8B66-B6F877AF4DCB}.Release|Any CPU.Build.0 = Release|Any CPU
	EndGlobalSection
	GlobalSection(SolutionProperties) = preSolution
		HideSolutionNode = FALSE
	EndGlobalSection
	GlobalSection(ExtensibilityGlobals) = postSolution
		SolutionGuid = {5368465D-2024-44FB-9C40-B89C345AF783}
	EndGlobalSection
EndGlobal
